// !$*UTF8*$!
{
	archiveVersion = 1;
	classes = {
	};
	objectVersion = 52;
	objects = {

/* Begin PBXBuildFile section */
		A94D931924B0B21700BDD29E /* AppDelegate.swift in Sources */ = {isa = PBXBuildFile; fileRef = A94D931824B0B21700BDD29E /* AppDelegate.swift */; };
		A94D931B24B0B21700BDD29E /* SceneDelegate.swift in Sources */ = {isa = PBXBuildFile; fileRef = A94D931A24B0B21700BDD29E /* SceneDelegate.swift */; };
		A94D931D24B0B21700BDD29E /* ContentView.swift in Sources */ = {isa = PBXBuildFile; fileRef = A94D931C24B0B21700BDD29E /* ContentView.swift */; };
		A94D931F24B0B21F00BDD29E /* Assets.xcassets in Resources */ = {isa = PBXBuildFile; fileRef = A94D931E24B0B21F00BDD29E /* Assets.xcassets */; };
		A94D932224B0B21F00BDD29E /* Preview Assets.xcassets in Resources */ = {isa = PBXBuildFile; fileRef = A94D932124B0B21F00BDD29E /* Preview Assets.xcassets */; };
		A94D932524B0B21F00BDD29E /* LaunchScreen.storyboard in Resources */ = {isa = PBXBuildFile; fileRef = A94D932324B0B21F00BDD29E /* LaunchScreen.storyboard */; };
		A94D933024B0B21F00BDD29E /* CatalystStatusBarAppTests.swift in Sources */ = {isa = PBXBuildFile; fileRef = A94D932F24B0B21F00BDD29E /* CatalystStatusBarAppTests.swift */; };
		A94D933B24B0B21F00BDD29E /* CatalystStatusBarAppUITests.swift in Sources */ = {isa = PBXBuildFile; fileRef = A94D933A24B0B21F00BDD29E /* CatalystStatusBarAppUITests.swift */; };
		A94D935524B0B27500BDD29E /* StatusBarController.swift in Sources */ = {isa = PBXBuildFile; fileRef = A94D935424B0B27500BDD29E /* StatusBarController.swift */; };
		A94D935B24B0B33D00BDD29E /* StatusBarAdapter.swift in Sources */ = {isa = PBXBuildFile; fileRef = A94D935A24B0B33D00BDD29E /* StatusBarAdapter.swift */; };
		A94D935D24B0B4A800BDD29E /* AppKitGlue.bundle in Embed PlugIns */ = {isa = PBXBuildFile; fileRef = A94D934C24B0B23D00BDD29E /* AppKitGlue.bundle */; platformFilter = maccatalyst; settings = {ATTRIBUTES = (CodeSignOnCopy, RemoveHeadersOnCopy, ); }; };
/* End PBXBuildFile section */

/* Begin PBXContainerItemProxy section */
		A94D932C24B0B21F00BDD29E /* PBXContainerItemProxy */ = {
			isa = PBXContainerItemProxy;
			containerPortal = A94D930D24B0B21700BDD29E /* Project object */;
			proxyType = 1;
			remoteGlobalIDString = A94D931424B0B21700BDD29E;
			remoteInfo = CatalystStatusBarApp;
		};
		A94D933724B0B21F00BDD29E /* PBXContainerItemProxy */ = {
			isa = PBXContainerItemProxy;
			containerPortal = A94D930D24B0B21700BDD29E /* Project object */;
			proxyType = 1;
			remoteGlobalIDString = A94D931424B0B21700BDD29E;
			remoteInfo = CatalystStatusBarApp;
		};
		A94D935E24B0B4A800BDD29E /* PBXContainerItemProxy */ = {
			isa = PBXContainerItemProxy;
			containerPortal = A94D930D24B0B21700BDD29E /* Project object */;
			proxyType = 1;
			remoteGlobalIDString = A94D934B24B0B23D00BDD29E;
			remoteInfo = AppKitGlue;
		};
/* End PBXContainerItemProxy section */

/* Begin PBXCopyFilesBuildPhase section */
		A94D936024B0B4A800BDD29E /* Embed PlugIns */ = {
			isa = PBXCopyFilesBuildPhase;
			buildActionMask = 2147483647;
			dstPath = "";
			dstSubfolderSpec = 13;
			files = (
				A94D935D24B0B4A800BDD29E /* AppKitGlue.bundle in Embed PlugIns */,
			);
			name = "Embed PlugIns";
			runOnlyForDeploymentPostprocessing = 0;
		};
/* End PBXCopyFilesBuildPhase section */

/* Begin PBXFileReference section */
		A94D931524B0B21700BDD29E /* CatalystStatusBarApp.app */ = {isa = PBXFileReference; explicitFileType = wrapper.application; includeInIndex = 0; path = CatalystStatusBarApp.app; sourceTree = BUILT_PRODUCTS_DIR; };
		A94D931824B0B21700BDD29E /* AppDelegate.swift */ = {isa = PBXFileReference; lastKnownFileType = sourcecode.swift; path = AppDelegate.swift; sourceTree = "<group>"; };
		A94D931A24B0B21700BDD29E /* SceneDelegate.swift */ = {isa = PBXFileReference; lastKnownFileType = sourcecode.swift; path = SceneDelegate.swift; sourceTree = "<group>"; };
		A94D931C24B0B21700BDD29E /* ContentView.swift */ = {isa = PBXFileReference; lastKnownFileType = sourcecode.swift; path = ContentView.swift; sourceTree = "<group>"; };
		A94D931E24B0B21F00BDD29E /* Assets.xcassets */ = {isa = PBXFileReference; lastKnownFileType = folder.assetcatalog; path = Assets.xcassets; sourceTree = "<group>"; };
		A94D932124B0B21F00BDD29E /* Preview Assets.xcassets */ = {isa = PBXFileReference; lastKnownFileType = folder.assetcatalog; path = "Preview Assets.xcassets"; sourceTree = "<group>"; };
		A94D932424B0B21F00BDD29E /* Base */ = {isa = PBXFileReference; lastKnownFileType = file.storyboard; name = Base; path = Base.lproj/LaunchScreen.storyboard; sourceTree = "<group>"; };
		A94D932624B0B21F00BDD29E /* Info.plist */ = {isa = PBXFileReference; lastKnownFileType = text.plist.xml; path = Info.plist; sourceTree = "<group>"; };
		A94D932B24B0B21F00BDD29E /* CatalystStatusBarAppTests.xctest */ = {isa = PBXFileReference; explicitFileType = wrapper.cfbundle; includeInIndex = 0; path = CatalystStatusBarAppTests.xctest; sourceTree = BUILT_PRODUCTS_DIR; };
		A94D932F24B0B21F00BDD29E /* CatalystStatusBarAppTests.swift */ = {isa = PBXFileReference; lastKnownFileType = sourcecode.swift; path = CatalystStatusBarAppTests.swift; sourceTree = "<group>"; };
		A94D933124B0B21F00BDD29E /* Info.plist */ = {isa = PBXFileReference; lastKnownFileType = text.plist.xml; path = Info.plist; sourceTree = "<group>"; };
		A94D933624B0B21F00BDD29E /* CatalystStatusBarAppUITests.xctest */ = {isa = PBXFileReference; explicitFileType = wrapper.cfbundle; includeInIndex = 0; path = CatalystStatusBarAppUITests.xctest; sourceTree = BUILT_PRODUCTS_DIR; };
		A94D933A24B0B21F00BDD29E /* CatalystStatusBarAppUITests.swift */ = {isa = PBXFileReference; lastKnownFileType = sourcecode.swift; path = CatalystStatusBarAppUITests.swift; sourceTree = "<group>"; };
		A94D933C24B0B21F00BDD29E /* Info.plist */ = {isa = PBXFileReference; lastKnownFileType = text.plist.xml; path = Info.plist; sourceTree = "<group>"; };
		A94D934C24B0B23D00BDD29E /* AppKitGlue.bundle */ = {isa = PBXFileReference; explicitFileType = wrapper.cfbundle; includeInIndex = 0; path = AppKitGlue.bundle; sourceTree = BUILT_PRODUCTS_DIR; };
		A94D934E24B0B23D00BDD29E /* Info.plist */ = {isa = PBXFileReference; lastKnownFileType = text.plist.xml; path = Info.plist; sourceTree = "<group>"; };
		A94D935224B0B24800BDD29E /* CatalystStatusBarApp.entitlements */ = {isa = PBXFileReference; lastKnownFileType = text.plist.entitlements; path = CatalystStatusBarApp.entitlements; sourceTree = "<group>"; };
		A94D935324B0B27500BDD29E /* AppKitGlue-Bridging-Header.h */ = {isa = PBXFileReference; lastKnownFileType = sourcecode.c.h; path = "AppKitGlue-Bridging-Header.h"; sourceTree = "<group>"; };
		A94D935424B0B27500BDD29E /* StatusBarController.swift */ = {isa = PBXFileReference; lastKnownFileType = sourcecode.swift; path = StatusBarController.swift; sourceTree = "<group>"; };
		A94D935624B0B29900BDD29E /* StatusBarController.h */ = {isa = PBXFileReference; lastKnownFileType = sourcecode.c.h; path = StatusBarController.h; sourceTree = "<group>"; };
		A94D935724B0B2B700BDD29E /* CatalystStatusBarApp-Bridging-Header.h */ = {isa = PBXFileReference; lastKnownFileType = sourcecode.c.h; path = "CatalystStatusBarApp-Bridging-Header.h"; sourceTree = "<group>"; };
		A94D935A24B0B33D00BDD29E /* StatusBarAdapter.swift */ = {isa = PBXFileReference; lastKnownFileType = sourcecode.swift; path = StatusBarAdapter.swift; sourceTree = "<group>"; };
/* End PBXFileReference section */

/* Begin PBXFrameworksBuildPhase section */
		A94D931224B0B21700BDD29E /* Frameworks */ = {
			isa = PBXFrameworksBuildPhase;
			buildActionMask = 2147483647;
			files = (
			);
			runOnlyForDeploymentPostprocessing = 0;
		};
		A94D932824B0B21F00BDD29E /* Frameworks */ = {
			isa = PBXFrameworksBuildPhase;
			buildActionMask = 2147483647;
			files = (
			);
			runOnlyForDeploymentPostprocessing = 0;
		};
		A94D933324B0B21F00BDD29E /* Frameworks */ = {
			isa = PBXFrameworksBuildPhase;
			buildActionMask = 2147483647;
			files = (
			);
			runOnlyForDeploymentPostprocessing = 0;
		};
		A94D934924B0B23D00BDD29E /* Frameworks */ = {
			isa = PBXFrameworksBuildPhase;
			buildActionMask = 2147483647;
			files = (
			);
			runOnlyForDeploymentPostprocessing = 0;
		};
/* End PBXFrameworksBuildPhase section */

/* Begin PBXGroup section */
		A94D930C24B0B21700BDD29E = {
			isa = PBXGroup;
			children = (
				A94D931724B0B21700BDD29E /* CatalystStatusBarApp */,
				A94D932E24B0B21F00BDD29E /* CatalystStatusBarAppTests */,
				A94D933924B0B21F00BDD29E /* CatalystStatusBarAppUITests */,
				A94D934D24B0B23D00BDD29E /* AppKitGlue */,
				A94D931624B0B21700BDD29E /* Products */,
				A94D935C24B0B4A800BDD29E /* Frameworks */,
			);
			sourceTree = "<group>";
		};
		A94D931624B0B21700BDD29E /* Products */ = {
			isa = PBXGroup;
			children = (
				A94D931524B0B21700BDD29E /* CatalystStatusBarApp.app */,
				A94D932B24B0B21F00BDD29E /* CatalystStatusBarAppTests.xctest */,
				A94D933624B0B21F00BDD29E /* CatalystStatusBarAppUITests.xctest */,
				A94D934C24B0B23D00BDD29E /* AppKitGlue.bundle */,
			);
			name = Products;
			sourceTree = "<group>";
		};
		A94D931724B0B21700BDD29E /* CatalystStatusBarApp */ = {
			isa = PBXGroup;
			children = (
				A94D935824B0B32100BDD29E /* StatusBar */,
				A94D935924B0B32900BDD29E /* View */,
				A94D935224B0B24800BDD29E /* CatalystStatusBarApp.entitlements */,
				A94D931824B0B21700BDD29E /* AppDelegate.swift */,
				A94D931A24B0B21700BDD29E /* SceneDelegate.swift */,
				A94D931E24B0B21F00BDD29E /* Assets.xcassets */,
				A94D932324B0B21F00BDD29E /* LaunchScreen.storyboard */,
				A94D932624B0B21F00BDD29E /* Info.plist */,
				A94D932024B0B21F00BDD29E /* Preview Content */,
				A94D935624B0B29900BDD29E /* StatusBarController.h */,
				A94D935724B0B2B700BDD29E /* CatalystStatusBarApp-Bridging-Header.h */,
			);
			path = CatalystStatusBarApp;
			sourceTree = "<group>";
		};
		A94D932024B0B21F00BDD29E /* Preview Content */ = {
			isa = PBXGroup;
			children = (
				A94D932124B0B21F00BDD29E /* Preview Assets.xcassets */,
			);
			path = "Preview Content";
			sourceTree = "<group>";
		};
		A94D932E24B0B21F00BDD29E /* CatalystStatusBarAppTests */ = {
			isa = PBXGroup;
			children = (
				A94D932F24B0B21F00BDD29E /* CatalystStatusBarAppTests.swift */,
				A94D933124B0B21F00BDD29E /* Info.plist */,
			);
			path = CatalystStatusBarAppTests;
			sourceTree = "<group>";
		};
		A94D933924B0B21F00BDD29E /* CatalystStatusBarAppUITests */ = {
			isa = PBXGroup;
			children = (
				A94D933A24B0B21F00BDD29E /* CatalystStatusBarAppUITests.swift */,
				A94D933C24B0B21F00BDD29E /* Info.plist */,
			);
			path = CatalystStatusBarAppUITests;
			sourceTree = "<group>";
		};
		A94D934D24B0B23D00BDD29E /* AppKitGlue */ = {
			isa = PBXGroup;
			children = (
				A94D934E24B0B23D00BDD29E /* Info.plist */,
				A94D935424B0B27500BDD29E /* StatusBarController.swift */,
				A94D935324B0B27500BDD29E /* AppKitGlue-Bridging-Header.h */,
			);
			path = AppKitGlue;
			sourceTree = "<group>";
		};
		A94D935824B0B32100BDD29E /* StatusBar */ = {
			isa = PBXGroup;
			children = (
				A94D935A24B0B33D00BDD29E /* StatusBarAdapter.swift */,
			);
			path = StatusBar;
			sourceTree = "<group>";
		};
		A94D935924B0B32900BDD29E /* View */ = {
			isa = PBXGroup;
			children = (
				A94D931C24B0B21700BDD29E /* ContentView.swift */,
			);
			path = View;
			sourceTree = "<group>";
		};
		A94D935C24B0B4A800BDD29E /* Frameworks */ = {
			isa = PBXGroup;
			children = (
			);
			name = Frameworks;
			sourceTree = "<group>";
		};
/* End PBXGroup section */

/* Begin PBXNativeTarget section */
		A94D931424B0B21700BDD29E /* CatalystStatusBarApp */ = {
			isa = PBXNativeTarget;
			buildConfigurationList = A94D933F24B0B21F00BDD29E /* Build configuration list for PBXNativeTarget "CatalystStatusBarApp" */;
			buildPhases = (
				A94D931124B0B21700BDD29E /* Sources */,
				A94D931224B0B21700BDD29E /* Frameworks */,
				A94D931324B0B21700BDD29E /* Resources */,
				A94D936024B0B4A800BDD29E /* Embed PlugIns */,
			);
			buildRules = (
			);
			dependencies = (
				A94D935F24B0B4A800BDD29E /* PBXTargetDependency */,
			);
			name = CatalystStatusBarApp;
			productName = CatalystStatusBarApp;
			productReference = A94D931524B0B21700BDD29E /* CatalystStatusBarApp.app */;
			productType = "com.apple.product-type.application";
		};
		A94D932A24B0B21F00BDD29E /* CatalystStatusBarAppTests */ = {
			isa = PBXNativeTarget;
			buildConfigurationList = A94D934224B0B21F00BDD29E /* Build configuration list for PBXNativeTarget "CatalystStatusBarAppTests" */;
			buildPhases = (
				A94D932724B0B21F00BDD29E /* Sources */,
				A94D932824B0B21F00BDD29E /* Frameworks */,
				A94D932924B0B21F00BDD29E /* Resources */,
			);
			buildRules = (
			);
			dependencies = (
				A94D932D24B0B21F00BDD29E /* PBXTargetDependency */,
			);
			name = CatalystStatusBarAppTests;
			productName = CatalystStatusBarAppTests;
			productReference = A94D932B24B0B21F00BDD29E /* CatalystStatusBarAppTests.xctest */;
			productType = "com.apple.product-type.bundle.unit-test";
		};
		A94D933524B0B21F00BDD29E /* CatalystStatusBarAppUITests */ = {
			isa = PBXNativeTarget;
			buildConfigurationList = A94D934524B0B21F00BDD29E /* Build configuration list for PBXNativeTarget "CatalystStatusBarAppUITests" */;
			buildPhases = (
				A94D933224B0B21F00BDD29E /* Sources */,
				A94D933324B0B21F00BDD29E /* Frameworks */,
				A94D933424B0B21F00BDD29E /* Resources */,
			);
			buildRules = (
			);
			dependencies = (
				A94D933824B0B21F00BDD29E /* PBXTargetDependency */,
			);
			name = CatalystStatusBarAppUITests;
			productName = CatalystStatusBarAppUITests;
			productReference = A94D933624B0B21F00BDD29E /* CatalystStatusBarAppUITests.xctest */;
			productType = "com.apple.product-type.bundle.ui-testing";
		};
		A94D934B24B0B23D00BDD29E /* AppKitGlue */ = {
			isa = PBXNativeTarget;
			buildConfigurationList = A94D934F24B0B23D00BDD29E /* Build configuration list for PBXNativeTarget "AppKitGlue" */;
			buildPhases = (
				A94D934824B0B23D00BDD29E /* Sources */,
				A94D934924B0B23D00BDD29E /* Frameworks */,
				A94D934A24B0B23D00BDD29E /* Resources */,
			);
			buildRules = (
			);
			dependencies = (
			);
			name = AppKitGlue;
			productName = AppKitGlue;
			productReference = A94D934C24B0B23D00BDD29E /* AppKitGlue.bundle */;
			productType = "com.apple.product-type.bundle";
		};
/* End PBXNativeTarget section */

/* Begin PBXProject section */
		A94D930D24B0B21700BDD29E /* Project object */ = {
			isa = PBXProject;
			attributes = {
				LastSwiftUpdateCheck = 1150;
				LastUpgradeCheck = 1150;
				ORGANIZATIONNAME = TETRA2000;
				TargetAttributes = {
					A94D931424B0B21700BDD29E = {
						CreatedOnToolsVersion = 11.5;
					};
					A94D932A24B0B21F00BDD29E = {
						CreatedOnToolsVersion = 11.5;
						TestTargetID = A94D931424B0B21700BDD29E;
					};
					A94D933524B0B21F00BDD29E = {
						CreatedOnToolsVersion = 11.5;
						TestTargetID = A94D931424B0B21700BDD29E;
					};
					A94D934B24B0B23D00BDD29E = {
						CreatedOnToolsVersion = 11.5;
						LastSwiftMigration = 1150;
					};
				};
			};
			buildConfigurationList = A94D931024B0B21700BDD29E /* Build configuration list for PBXProject "CatalystStatusBarApp" */;
			compatibilityVersion = "Xcode 9.3";
			developmentRegion = en;
			hasScannedForEncodings = 0;
			knownRegions = (
				en,
				Base,
			);
			mainGroup = A94D930C24B0B21700BDD29E;
			productRefGroup = A94D931624B0B21700BDD29E /* Products */;
			projectDirPath = "";
			projectRoot = "";
			targets = (
				A94D931424B0B21700BDD29E /* CatalystStatusBarApp */,
				A94D932A24B0B21F00BDD29E /* CatalystStatusBarAppTests */,
				A94D933524B0B21F00BDD29E /* CatalystStatusBarAppUITests */,
				A94D934B24B0B23D00BDD29E /* AppKitGlue */,
			);
		};
/* End PBXProject section */

/* Begin PBXResourcesBuildPhase section */
		A94D931324B0B21700BDD29E /* Resources */ = {
			isa = PBXResourcesBuildPhase;
			buildActionMask = 2147483647;
			files = (
				A94D932524B0B21F00BDD29E /* LaunchScreen.storyboard in Resources */,
				A94D932224B0B21F00BDD29E /* Preview Assets.xcassets in Resources */,
				A94D931F24B0B21F00BDD29E /* Assets.xcassets in Resources */,
			);
			runOnlyForDeploymentPostprocessing = 0;
		};
		A94D932924B0B21F00BDD29E /* Resources */ = {
			isa = PBXResourcesBuildPhase;
			buildActionMask = 2147483647;
			files = (
			);
			runOnlyForDeploymentPostprocessing = 0;
		};
		A94D933424B0B21F00BDD29E /* Resources */ = {
			isa = PBXResourcesBuildPhase;
			buildActionMask = 2147483647;
			files = (
			);
			runOnlyForDeploymentPostprocessing = 0;
		};
		A94D934A24B0B23D00BDD29E /* Resources */ = {
			isa = PBXResourcesBuildPhase;
			buildActionMask = 2147483647;
			files = (
			);
			runOnlyForDeploymentPostprocessing = 0;
		};
/* End PBXResourcesBuildPhase section */

/* Begin PBXSourcesBuildPhase section */
		A94D931124B0B21700BDD29E /* Sources */ = {
			isa = PBXSourcesBuildPhase;
			buildActionMask = 2147483647;
			files = (
				A94D931924B0B21700BDD29E /* AppDelegate.swift in Sources */,
				A94D931B24B0B21700BDD29E /* SceneDelegate.swift in Sources */,
				A94D931D24B0B21700BDD29E /* ContentView.swift in Sources */,
				A94D935B24B0B33D00BDD29E /* StatusBarAdapter.swift in Sources */,
			);
			runOnlyForDeploymentPostprocessing = 0;
		};
		A94D932724B0B21F00BDD29E /* Sources */ = {
			isa = PBXSourcesBuildPhase;
			buildActionMask = 2147483647;
			files = (
				A94D933024B0B21F00BDD29E /* CatalystStatusBarAppTests.swift in Sources */,
			);
			runOnlyForDeploymentPostprocessing = 0;
		};
		A94D933224B0B21F00BDD29E /* Sources */ = {
			isa = PBXSourcesBuildPhase;
			buildActionMask = 2147483647;
			files = (
				A94D933B24B0B21F00BDD29E /* CatalystStatusBarAppUITests.swift in Sources */,
			);
			runOnlyForDeploymentPostprocessing = 0;
		};
		A94D934824B0B23D00BDD29E /* Sources */ = {
			isa = PBXSourcesBuildPhase;
			buildActionMask = 2147483647;
			files = (
				A94D935524B0B27500BDD29E /* StatusBarController.swift in Sources */,
			);
			runOnlyForDeploymentPostprocessing = 0;
		};
/* End PBXSourcesBuildPhase section */

/* Begin PBXTargetDependency section */
		A94D932D24B0B21F00BDD29E /* PBXTargetDependency */ = {
			isa = PBXTargetDependency;
			target = A94D931424B0B21700BDD29E /* CatalystStatusBarApp */;
			targetProxy = A94D932C24B0B21F00BDD29E /* PBXContainerItemProxy */;
		};
		A94D933824B0B21F00BDD29E /* PBXTargetDependency */ = {
			isa = PBXTargetDependency;
			target = A94D931424B0B21700BDD29E /* CatalystStatusBarApp */;
			targetProxy = A94D933724B0B21F00BDD29E /* PBXContainerItemProxy */;
		};
		A94D935F24B0B4A800BDD29E /* PBXTargetDependency */ = {
			isa = PBXTargetDependency;
			platformFilter = maccatalyst;
			target = A94D934B24B0B23D00BDD29E /* AppKitGlue */;
			targetProxy = A94D935E24B0B4A800BDD29E /* PBXContainerItemProxy */;
		};
/* End PBXTargetDependency section */

/* Begin PBXVariantGroup section */
		A94D932324B0B21F00BDD29E /* LaunchScreen.storyboard */ = {
			isa = PBXVariantGroup;
			children = (
				A94D932424B0B21F00BDD29E /* Base */,
			);
			name = LaunchScreen.storyboard;
			sourceTree = "<group>";
		};
/* End PBXVariantGroup section */

/* Begin XCBuildConfiguration section */
		A94D933D24B0B21F00BDD29E /* Debug */ = {
			isa = XCBuildConfiguration;
			buildSettings = {
				ALWAYS_SEARCH_USER_PATHS = NO;
				CLANG_ANALYZER_NONNULL = YES;
				CLANG_ANALYZER_NUMBER_OBJECT_CONVERSION = YES_AGGRESSIVE;
				CLANG_CXX_LANGUAGE_STANDARD = "gnu++14";
				CLANG_CXX_LIBRARY = "libc++";
				CLANG_ENABLE_MODULES = YES;
				CLANG_ENABLE_OBJC_ARC = YES;
				CLANG_ENABLE_OBJC_WEAK = YES;
				CLANG_WARN_BLOCK_CAPTURE_AUTORELEASING = YES;
				CLANG_WARN_BOOL_CONVERSION = YES;
				CLANG_WARN_COMMA = YES;
				CLANG_WARN_CONSTANT_CONVERSION = YES;
				CLANG_WARN_DEPRECATED_OBJC_IMPLEMENTATIONS = YES;
				CLANG_WARN_DIRECT_OBJC_ISA_USAGE = YES_ERROR;
				CLANG_WARN_DOCUMENTATION_COMMENTS = YES;
				CLANG_WARN_EMPTY_BODY = YES;
				CLANG_WARN_ENUM_CONVERSION = YES;
				CLANG_WARN_INFINITE_RECURSION = YES;
				CLANG_WARN_INT_CONVERSION = YES;
				CLANG_WARN_NON_LITERAL_NULL_CONVERSION = YES;
				CLANG_WARN_OBJC_IMPLICIT_RETAIN_SELF = YES;
				CLANG_WARN_OBJC_LITERAL_CONVERSION = YES;
				CLANG_WARN_OBJC_ROOT_CLASS = YES_ERROR;
				CLANG_WARN_RANGE_LOOP_ANALYSIS = YES;
				CLANG_WARN_STRICT_PROTOTYPES = YES;
				CLANG_WARN_SUSPICIOUS_MOVE = YES;
				CLANG_WARN_UNGUARDED_AVAILABILITY = YES_AGGRESSIVE;
				CLANG_WARN_UNREACHABLE_CODE = YES;
				CLANG_WARN__DUPLICATE_METHOD_MATCH = YES;
				COPY_PHASE_STRIP = NO;
				DEBUG_INFORMATION_FORMAT = dwarf;
				ENABLE_STRICT_OBJC_MSGSEND = YES;
				ENABLE_TESTABILITY = YES;
				GCC_C_LANGUAGE_STANDARD = gnu11;
				GCC_DYNAMIC_NO_PIC = NO;
				GCC_NO_COMMON_BLOCKS = YES;
				GCC_OPTIMIZATION_LEVEL = 0;
				GCC_PREPROCESSOR_DEFINITIONS = (
					"DEBUG=1",
					"$(inherited)",
				);
				GCC_WARN_64_TO_32_BIT_CONVERSION = YES;
				GCC_WARN_ABOUT_RETURN_TYPE = YES_ERROR;
				GCC_WARN_UNDECLARED_SELECTOR = YES;
				GCC_WARN_UNINITIALIZED_AUTOS = YES_AGGRESSIVE;
				GCC_WARN_UNUSED_FUNCTION = YES;
				GCC_WARN_UNUSED_VARIABLE = YES;
				IPHONEOS_DEPLOYMENT_TARGET = 13.5;
				MTL_ENABLE_DEBUG_INFO = INCLUDE_SOURCE;
				MTL_FAST_MATH = YES;
				ONLY_ACTIVE_ARCH = YES;
				SDKROOT = iphoneos;
				SWIFT_ACTIVE_COMPILATION_CONDITIONS = DEBUG;
				SWIFT_OPTIMIZATION_LEVEL = "-Onone";
			};
			name = Debug;
		};
		A94D933E24B0B21F00BDD29E /* Release */ = {
			isa = XCBuildConfiguration;
			buildSettings = {
				ALWAYS_SEARCH_USER_PATHS = NO;
				CLANG_ANALYZER_NONNULL = YES;
				CLANG_ANALYZER_NUMBER_OBJECT_CONVERSION = YES_AGGRESSIVE;
				CLANG_CXX_LANGUAGE_STANDARD = "gnu++14";
				CLANG_CXX_LIBRARY = "libc++";
				CLANG_ENABLE_MODULES = YES;
				CLANG_ENABLE_OBJC_ARC = YES;
				CLANG_ENABLE_OBJC_WEAK = YES;
				CLANG_WARN_BLOCK_CAPTURE_AUTORELEASING = YES;
				CLANG_WARN_BOOL_CONVERSION = YES;
				CLANG_WARN_COMMA = YES;
				CLANG_WARN_CONSTANT_CONVERSION = YES;
				CLANG_WARN_DEPRECATED_OBJC_IMPLEMENTATIONS = YES;
				CLANG_WARN_DIRECT_OBJC_ISA_USAGE = YES_ERROR;
				CLANG_WARN_DOCUMENTATION_COMMENTS = YES;
				CLANG_WARN_EMPTY_BODY = YES;
				CLANG_WARN_ENUM_CONVERSION = YES;
				CLANG_WARN_INFINITE_RECURSION = YES;
				CLANG_WARN_INT_CONVERSION = YES;
				CLANG_WARN_NON_LITERAL_NULL_CONVERSION = YES;
				CLANG_WARN_OBJC_IMPLICIT_RETAIN_SELF = YES;
				CLANG_WARN_OBJC_LITERAL_CONVERSION = YES;
				CLANG_WARN_OBJC_ROOT_CLASS = YES_ERROR;
				CLANG_WARN_RANGE_LOOP_ANALYSIS = YES;
				CLANG_WARN_STRICT_PROTOTYPES = YES;
				CLANG_WARN_SUSPICIOUS_MOVE = YES;
				CLANG_WARN_UNGUARDED_AVAILABILITY = YES_AGGRESSIVE;
				CLANG_WARN_UNREACHABLE_CODE = YES;
				CLANG_WARN__DUPLICATE_METHOD_MATCH = YES;
				COPY_PHASE_STRIP = NO;
				DEBUG_INFORMATION_FORMAT = "dwarf-with-dsym";
				ENABLE_NS_ASSERTIONS = NO;
				ENABLE_STRICT_OBJC_MSGSEND = YES;
				GCC_C_LANGUAGE_STANDARD = gnu11;
				GCC_NO_COMMON_BLOCKS = YES;
				GCC_WARN_64_TO_32_BIT_CONVERSION = YES;
				GCC_WARN_ABOUT_RETURN_TYPE = YES_ERROR;
				GCC_WARN_UNDECLARED_SELECTOR = YES;
				GCC_WARN_UNINITIALIZED_AUTOS = YES_AGGRESSIVE;
				GCC_WARN_UNUSED_FUNCTION = YES;
				GCC_WARN_UNUSED_VARIABLE = YES;
				IPHONEOS_DEPLOYMENT_TARGET = 13.5;
				MTL_ENABLE_DEBUG_INFO = NO;
				MTL_FAST_MATH = YES;
				SDKROOT = iphoneos;
				SWIFT_COMPILATION_MODE = wholemodule;
				SWIFT_OPTIMIZATION_LEVEL = "-O";
				VALIDATE_PRODUCT = YES;
			};
			name = Release;
		};
		A94D934024B0B21F00BDD29E /* Debug */ = {
			isa = XCBuildConfiguration;
			buildSettings = {
				ASSETCATALOG_COMPILER_APPICON_NAME = AppIcon;
				CODE_SIGN_ENTITLEMENTS = CatalystStatusBarApp/CatalystStatusBarApp.entitlements;
				CODE_SIGN_STYLE = Automatic;
				DEVELOPMENT_ASSET_PATHS = "\"CatalystStatusBarApp/Preview Content\"";
				DEVELOPMENT_TEAM = 788YH48Y3Q;
				ENABLE_PREVIEWS = YES;
				INFOPLIST_FILE = CatalystStatusBarApp/Info.plist;
				LD_RUNPATH_SEARCH_PATHS = (
					"$(inherited)",
					"@executable_path/Frameworks",
				);
				PRODUCT_BUNDLE_IDENTIFIER = TETRA2000.CatalystStatusBarApp;
				PRODUCT_NAME = "$(TARGET_NAME)";
				SUPPORTS_MACCATALYST = YES;
				SWIFT_OBJC_BRIDGING_HEADER = CatalystStatusBarApp/StatusBarController.h;
				SWIFT_VERSION = 5.0;
				TARGETED_DEVICE_FAMILY = 2;
			};
			name = Debug;
		};
		A94D934124B0B21F00BDD29E /* Release */ = {
			isa = XCBuildConfiguration;
			buildSettings = {
				ASSETCATALOG_COMPILER_APPICON_NAME = AppIcon;
				CODE_SIGN_ENTITLEMENTS = CatalystStatusBarApp/CatalystStatusBarApp.entitlements;
				CODE_SIGN_STYLE = Automatic;
				DEVELOPMENT_ASSET_PATHS = "\"CatalystStatusBarApp/Preview Content\"";
				DEVELOPMENT_TEAM = 788YH48Y3Q;
				ENABLE_PREVIEWS = YES;
				INFOPLIST_FILE = CatalystStatusBarApp/Info.plist;
				LD_RUNPATH_SEARCH_PATHS = (
					"$(inherited)",
					"@executable_path/Frameworks",
				);
				PRODUCT_BUNDLE_IDENTIFIER = TETRA2000.CatalystStatusBarApp;
				PRODUCT_NAME = "$(TARGET_NAME)";
				SUPPORTS_MACCATALYST = YES;
				SWIFT_OBJC_BRIDGING_HEADER = CatalystStatusBarApp/StatusBarController.h;
				SWIFT_VERSION = 5.0;
				TARGETED_DEVICE_FAMILY = 2;
			};
			name = Release;
		};
		A94D934324B0B21F00BDD29E /* Debug */ = {
			isa = XCBuildConfiguration;
			buildSettings = {
				ALWAYS_EMBED_SWIFT_STANDARD_LIBRARIES = YES;
				BUNDLE_LOADER = "$(TEST_HOST)";
				CODE_SIGN_STYLE = Automatic;
				DEVELOPMENT_TEAM = 788YH48Y3Q;
				INFOPLIST_FILE = CatalystStatusBarAppTests/Info.plist;
				IPHONEOS_DEPLOYMENT_TARGET = 13.5;
				LD_RUNPATH_SEARCH_PATHS = (
					"$(inherited)",
					"@executable_path/Frameworks",
					"@loader_path/Frameworks",
				);
				PRODUCT_BUNDLE_IDENTIFIER = TETRA2000.CatalystStatusBarAppTests;
				PRODUCT_NAME = "$(TARGET_NAME)";
				SWIFT_VERSION = 5.0;
				TARGETED_DEVICE_FAMILY = "1,2";
				TEST_HOST = "$(BUILT_PRODUCTS_DIR)/CatalystStatusBarApp.app/CatalystStatusBarApp";
			};
			name = Debug;
		};
		A94D934424B0B21F00BDD29E /* Release */ = {
			isa = XCBuildConfiguration;
			buildSettings = {
				ALWAYS_EMBED_SWIFT_STANDARD_LIBRARIES = YES;
				BUNDLE_LOADER = "$(TEST_HOST)";
				CODE_SIGN_STYLE = Automatic;
				DEVELOPMENT_TEAM = 788YH48Y3Q;
				INFOPLIST_FILE = CatalystStatusBarAppTests/Info.plist;
				IPHONEOS_DEPLOYMENT_TARGET = 13.5;
				LD_RUNPATH_SEARCH_PATHS = (
					"$(inherited)",
					"@executable_path/Frameworks",
					"@loader_path/Frameworks",
				);
				PRODUCT_BUNDLE_IDENTIFIER = TETRA2000.CatalystStatusBarAppTests;
				PRODUCT_NAME = "$(TARGET_NAME)";
				SWIFT_VERSION = 5.0;
				TARGETED_DEVICE_FAMILY = "1,2";
				TEST_HOST = "$(BUILT_PRODUCTS_DIR)/CatalystStatusBarApp.app/CatalystStatusBarApp";
			};
			name = Release;
		};
		A94D934624B0B21F00BDD29E /* Debug */ = {
			isa = XCBuildConfiguration;
			buildSettings = {
				ALWAYS_EMBED_SWIFT_STANDARD_LIBRARIES = YES;
				CODE_SIGN_STYLE = Automatic;
				DEVELOPMENT_TEAM = 788YH48Y3Q;
				INFOPLIST_FILE = CatalystStatusBarAppUITests/Info.plist;
				LD_RUNPATH_SEARCH_PATHS = (
					"$(inherited)",
					"@executable_path/Frameworks",
					"@loader_path/Frameworks",
				);
				PRODUCT_BUNDLE_IDENTIFIER = TETRA2000.CatalystStatusBarAppUITests;
				PRODUCT_NAME = "$(TARGET_NAME)";
				SWIFT_VERSION = 5.0;
				TARGETED_DEVICE_FAMILY = "1,2";
				TEST_TARGET_NAME = CatalystStatusBarApp;
			};
			name = Debug;
		};
		A94D934724B0B21F00BDD29E /* Release */ = {
			isa = XCBuildConfiguration;
			buildSettings = {
				ALWAYS_EMBED_SWIFT_STANDARD_LIBRARIES = YES;
				CODE_SIGN_STYLE = Automatic;
				DEVELOPMENT_TEAM = 788YH48Y3Q;
				INFOPLIST_FILE = CatalystStatusBarAppUITests/Info.plist;
				LD_RUNPATH_SEARCH_PATHS = (
					"$(inherited)",
					"@executable_path/Frameworks",
					"@loader_path/Frameworks",
				);
				PRODUCT_BUNDLE_IDENTIFIER = TETRA2000.CatalystStatusBarAppUITests;
				PRODUCT_NAME = "$(TARGET_NAME)";
				SWIFT_VERSION = 5.0;
				TARGETED_DEVICE_FAMILY = "1,2";
				TEST_TARGET_NAME = CatalystStatusBarApp;
			};
			name = Release;
		};
		A94D935024B0B23D00BDD29E /* Debug */ = {
			isa = XCBuildConfiguration;
			buildSettings = {
				CLANG_ENABLE_MODULES = YES;
				CODE_SIGN_STYLE = Automatic;
				COMBINE_HIDPI_IMAGES = YES;
				DEVELOPMENT_TEAM = 788YH48Y3Q;
				INFOPLIST_FILE = AppKitGlue/Info.plist;
				INSTALL_PATH = "$(LOCAL_LIBRARY_DIR)/Bundles";
				LD_RUNPATH_SEARCH_PATHS = (
					"$(inherited)",
					"@executable_path/../Frameworks",
					"@loader_path/../Frameworks",
				);
				MACOSX_DEPLOYMENT_TARGET = 10.16;
				PRODUCT_BUNDLE_IDENTIFIER = TETRA2000.AppKitGlue;
				PRODUCT_NAME = "$(TARGET_NAME)";
				SDKROOT = macosx;
				SKIP_INSTALL = YES;
				SWIFT_OBJC_BRIDGING_HEADER = "AppKitGlue/AppKitGlue-Bridging-Header.h";
				SWIFT_OPTIMIZATION_LEVEL = "-Onone";
				SWIFT_VERSION = 5.0;
				WRAPPER_EXTENSION = bundle;
			};
			name = Debug;
		};
		A94D935124B0B23D00BDD29E /* Release */ = {
			isa = XCBuildConfiguration;
			buildSettings = {
				CLANG_ENABLE_MODULES = YES;
				CODE_SIGN_STYLE = Automatic;
				COMBINE_HIDPI_IMAGES = YES;
				DEVELOPMENT_TEAM = 788YH48Y3Q;
				INFOPLIST_FILE = AppKitGlue/Info.plist;
				INSTALL_PATH = "$(LOCAL_LIBRARY_DIR)/Bundles";
				LD_RUNPATH_SEARCH_PATHS = (
					"$(inherited)",
					"@executable_path/../Frameworks",
					"@loader_path/../Frameworks",
				);
				MACOSX_DEPLOYMENT_TARGET = 10.16;
				PRODUCT_BUNDLE_IDENTIFIER = TETRA2000.AppKitGlue;
				PRODUCT_NAME = "$(TARGET_NAME)";
				SDKROOT = macosx;
				SKIP_INSTALL = YES;
				SWIFT_OBJC_BRIDGING_HEADER = "AppKitGlue/AppKitGlue-Bridging-Header.h";
				SWIFT_VERSION = 5.0;
				WRAPPER_EXTENSION = bundle;
			};
			name = Release;
		};
/* End XCBuildConfiguration section */

/* Begin XCConfigurationList section */
		A94D931024B0B21700BDD29E /* Build configuration list for PBXProject "CatalystStatusBarApp" */ = {
			isa = XCConfigurationList;
			buildConfigurations = (
				A94D933D24B0B21F00BDD29E /* Debug */,
				A94D933E24B0B21F00BDD29E /* Release */,
			);
			defaultConfigurationIsVisible = 0;
			defaultConfigurationName = Release;
		};
		A94D933F24B0B21F00BDD29E /* Build configuration list for PBXNativeTarget "CatalystStatusBarApp" */ = {
			isa = XCConfigurationList;
			buildConfigurations = (
				A94D934024B0B21F00BDD29E /* Debug */,
				A94D934124B0B21F00BDD29E /* Release */,
			);
			defaultConfigurationIsVisible = 0;
			defaultConfigurationName = Release;
		};
		A94D934224B0B21F00BDD29E /* Build configuration list for PBXNativeTarget "CatalystStatusBarAppTests" */ = {
			isa = XCConfigurationList;
			buildConfigurations = (
				A94D934324B0B21F00BDD29E /* Debug */,
				A94D934424B0B21F00BDD29E /* Release */,
			);
			defaultConfigurationIsVisible = 0;
			defaultConfigurationName = Release;
		};
		A94D934524B0B21F00BDD29E /* Build configuration list for PBXNativeTarget "CatalystStatusBarAppUITests" */ = {
			isa = XCConfigurationList;
			buildConfigurations = (
				A94D934624B0B21F00BDD29E /* Debug */,
				A94D934724B0B21F00BDD29E /* Release */,
			);
			defaultConfigurationIsVisible = 0;
			defaultConfigurationName = Release;
		};
		A94D934F24B0B23D00BDD29E /* Build configuration list for PBXNativeTarget "AppKitGlue" */ = {
			isa = XCConfigurationList;
			buildConfigurations = (
				A94D935024B0B23D00BDD29E /* Debug */,
				A94D935124B0B23D00BDD29E /* Release */,
			);
			defaultConfigurationIsVisible = 0;
			defaultConfigurationName = Release;
		};
/* End XCConfigurationList section */
	};
	rootObject = A94D930D24B0B21700BDD29E /* Project object */;
}
